
Microsoft Visual Studio Solution File, Format Version 12.00
# Visual Studio Version 16
VisualStudioVersion = 16.0.28917.181
MinimumVisualStudioVersion = 10.0.40219.1
Project("{FAE04EC0-301F-11D3-BF4B-00C04F79EFBC}") = "BareBones", "BareBones\BareBones.csproj", "{96876146-7F76-4FF7-9FAC-38E50596387F}"
EndProject
Global
	GlobalSection(SolutionConfigurationPlatforms) = preSolution
		Debug|Any CPU = Debug|Any CPU
		Release|Any CPU = Release|Any CPU
	EndGlobalSection
	GlobalSection(ProjectConfigurationPlatforms) = postSolution
		{96876146-7F76-4FF7-9FAC-38E50596387F}.Debug|Any CPU.ActiveCfg = Debug|Any CPU
		{96876146-7F76-4FF7-9FAC-38E50596387F}.Debug|Any CPU.Build.0 = Debug|Any CPU
		{96876146-7F76-4FF7-9FAC-38E50596387F}.Release|Any CPU.ActiveCfg = Release|Any CPU
		{96876146-7F76-4FF7-9FAC-38E50596387F}.Release|Any CPU.Build.0 = Release|Any CPU
	EndGlobalSection
	GlobalSection(SolutionProperties) = preSolution
		HideSolutionNode = FALSE
	EndGlobalSection
	GlobalSection(ExtensibilityGlobals) = postSolution
		SolutionGuid = {7D83F0CC-4FD9-4B3E-AF8D-39081E4A9546}
	EndGlobalSection
EndGlobal
